// !$*UTF8*$!
{
	archiveVersion = 1;
	classes = {
	};
	objectVersion = 50;
	objects = {

/* Begin PBXBuildFile section */
		2130477F24910A780018FBC2 /* RepoTableViewController.swift in Sources */ = {isa = PBXBuildFile; fileRef = 2130477E24910A780018FBC2 /* RepoTableViewController.swift */; };
		2130478124910B0B0018FBC2 /* RepoTableViewCell.swift in Sources */ = {isa = PBXBuildFile; fileRef = 2130478024910B0B0018FBC2 /* RepoTableViewCell.swift */; };
		21304783249128EA0018FBC2 /* String + Ext.swift in Sources */ = {isa = PBXBuildFile; fileRef = 21304782249128EA0018FBC2 /* String + Ext.swift */; };
		21304785249128FF0018FBC2 /* Date + Ext.swift in Sources */ = {isa = PBXBuildFile; fileRef = 21304784249128FF0018FBC2 /* Date + Ext.swift */; };
		21839681249004FE00707F90 /* AppDelegate.swift in Sources */ = {isa = PBXBuildFile; fileRef = 21839680249004FE00707F90 /* AppDelegate.swift */; };
		21839683249004FE00707F90 /* SceneDelegate.swift in Sources */ = {isa = PBXBuildFile; fileRef = 21839682249004FE00707F90 /* SceneDelegate.swift */; };
		21839685249004FE00707F90 /* SearchViewController.swift in Sources */ = {isa = PBXBuildFile; fileRef = 21839684249004FE00707F90 /* SearchViewController.swift */; };
		2183968A249004FF00707F90 /* Assets.xcassets in Resources */ = {isa = PBXBuildFile; fileRef = 21839689249004FF00707F90 /* Assets.xcassets */; };
		2183968D249004FF00707F90 /* LaunchScreen.storyboard in Resources */ = {isa = PBXBuildFile; fileRef = 2183968B249004FF00707F90 /* LaunchScreen.storyboard */; };
		2183969524901F6500707F90 /* UserCell.swift in Sources */ = {isa = PBXBuildFile; fileRef = 2183969424901F6500707F90 /* UserCell.swift */; };
		218396972490231500707F90 /* NetworkService.swift in Sources */ = {isa = PBXBuildFile; fileRef = 218396962490231500707F90 /* NetworkService.swift */; };
		21839699249024F500707F90 /* GHError.swift in Sources */ = {isa = PBXBuildFile; fileRef = 21839698249024F500707F90 /* GHError.swift */; };
		2183969B249025A200707F90 /* User.swift in Sources */ = {isa = PBXBuildFile; fileRef = 2183969A249025A200707F90 /* User.swift */; };
		2183969D2490412000707F90 /* SearchData.swift in Sources */ = {isa = PBXBuildFile; fileRef = 2183969C2490412000707F90 /* SearchData.swift */; };
		2183969F249046A300707F90 /* AvatarImageView.swift in Sources */ = {isa = PBXBuildFile; fileRef = 2183969E249046A300707F90 /* AvatarImageView.swift */; };
		218396A12490489800707F90 /* UsernameLabel.swift in Sources */ = {isa = PBXBuildFile; fileRef = 218396A02490489800707F90 /* UsernameLabel.swift */; };
		218396A32490496000707F90 /* RepoCountLabel.swift in Sources */ = {isa = PBXBuildFile; fileRef = 218396A22490496000707F90 /* RepoCountLabel.swift */; };
		218396A6249089C500707F90 /* UserInfoViewController.swift in Sources */ = {isa = PBXBuildFile; fileRef = 218396A5249089C500707F90 /* UserInfoViewController.swift */; };
		218396A824908F1000707F90 /* UserInfoHeaderVC.swift in Sources */ = {isa = PBXBuildFile; fileRef = 218396A724908F1000707F90 /* UserInfoHeaderVC.swift */; };
		218396AA2490902300707F90 /* BodyLabel.swift in Sources */ = {isa = PBXBuildFile; fileRef = 218396A92490902300707F90 /* BodyLabel.swift */; };
		218396AD249090EB00707F90 /* UIViewController+Ext.swift in Sources */ = {isa = PBXBuildFile; fileRef = 218396AC249090EB00707F90 /* UIViewController+Ext.swift */; };
/* End PBXBuildFile section */

/* Begin PBXFileReference section */
		2130477E24910A780018FBC2 /* RepoTableViewController.swift */ = {isa = PBXFileReference; lastKnownFileType = sourcecode.swift; path = RepoTableViewController.swift; sourceTree = "<group>"; };
		2130478024910B0B0018FBC2 /* RepoTableViewCell.swift */ = {isa = PBXFileReference; lastKnownFileType = sourcecode.swift; path = RepoTableViewCell.swift; sourceTree = "<group>"; };
		21304782249128EA0018FBC2 /* String + Ext.swift */ = {isa = PBXFileReference; lastKnownFileType = sourcecode.swift; path = "String + Ext.swift"; sourceTree = "<group>"; };
		21304784249128FF0018FBC2 /* Date + Ext.swift */ = {isa = PBXFileReference; lastKnownFileType = sourcecode.swift; path = "Date + Ext.swift"; sourceTree = "<group>"; };
		2183967D249004FE00707F90 /* GitHubSearcher.app */ = {isa = PBXFileReference; explicitFileType = wrapper.application; includeInIndex = 0; path = GitHubSearcher.app; sourceTree = BUILT_PRODUCTS_DIR; };
		21839680249004FE00707F90 /* AppDelegate.swift */ = {isa = PBXFileReference; lastKnownFileType = sourcecode.swift; path = AppDelegate.swift; sourceTree = "<group>"; };
		21839682249004FE00707F90 /* SceneDelegate.swift */ = {isa = PBXFileReference; lastKnownFileType = sourcecode.swift; path = SceneDelegate.swift; sourceTree = "<group>"; };
		21839684249004FE00707F90 /* SearchViewController.swift */ = {isa = PBXFileReference; lastKnownFileType = sourcecode.swift; path = SearchViewController.swift; sourceTree = "<group>"; };
		21839689249004FF00707F90 /* Assets.xcassets */ = {isa = PBXFileReference; lastKnownFileType = folder.assetcatalog; path = Assets.xcassets; sourceTree = "<group>"; };
		2183968C249004FF00707F90 /* Base */ = {isa = PBXFileReference; lastKnownFileType = file.storyboard; name = Base; path = Base.lproj/LaunchScreen.storyboard; sourceTree = "<group>"; };
		2183968E249004FF00707F90 /* Info.plist */ = {isa = PBXFileReference; lastKnownFileType = text.plist.xml; path = Info.plist; sourceTree = "<group>"; };
		2183969424901F6500707F90 /* UserCell.swift */ = {isa = PBXFileReference; lastKnownFileType = sourcecode.swift; path = UserCell.swift; sourceTree = "<group>"; };
		218396962490231500707F90 /* NetworkService.swift */ = {isa = PBXFileReference; lastKnownFileType = sourcecode.swift; path = NetworkService.swift; sourceTree = "<group>"; };
		21839698249024F500707F90 /* GHError.swift */ = {isa = PBXFileReference; lastKnownFileType = sourcecode.swift; path = GHError.swift; sourceTree = "<group>"; };
		2183969A249025A200707F90 /* User.swift */ = {isa = PBXFileReference; lastKnownFileType = sourcecode.swift; path = User.swift; sourceTree = "<group>"; };
		2183969C2490412000707F90 /* SearchData.swift */ = {isa = PBXFileReference; lastKnownFileType = sourcecode.swift; path = SearchData.swift; sourceTree = "<group>"; };
		2183969E249046A300707F90 /* AvatarImageView.swift */ = {isa = PBXFileReference; lastKnownFileType = sourcecode.swift; path = AvatarImageView.swift; sourceTree = "<group>"; };
		218396A02490489800707F90 /* UsernameLabel.swift */ = {isa = PBXFileReference; lastKnownFileType = sourcecode.swift; path = UsernameLabel.swift; sourceTree = "<group>"; };
		218396A22490496000707F90 /* RepoCountLabel.swift */ = {isa = PBXFileReference; lastKnownFileType = sourcecode.swift; path = RepoCountLabel.swift; sourceTree = "<group>"; };
		218396A5249089C500707F90 /* UserInfoViewController.swift */ = {isa = PBXFileReference; lastKnownFileType = sourcecode.swift; path = UserInfoViewController.swift; sourceTree = "<group>"; };
		218396A724908F1000707F90 /* UserInfoHeaderVC.swift */ = {isa = PBXFileReference; lastKnownFileType = sourcecode.swift; path = UserInfoHeaderVC.swift; sourceTree = "<group>"; };
		218396A92490902300707F90 /* BodyLabel.swift */ = {isa = PBXFileReference; lastKnownFileType = sourcecode.swift; path = BodyLabel.swift; sourceTree = "<group>"; };
		218396AC249090EB00707F90 /* UIViewController+Ext.swift */ = {isa = PBXFileReference; lastKnownFileType = sourcecode.swift; path = "UIViewController+Ext.swift"; sourceTree = "<group>"; };
/* End PBXFileReference section */

/* Begin PBXFrameworksBuildPhase section */
		2183967A249004FE00707F90 /* Frameworks */ = {
			isa = PBXFrameworksBuildPhase;
			buildActionMask = 2147483647;
			files = (
			);
			runOnlyForDeploymentPostprocessing = 0;
		};
/* End PBXFrameworksBuildPhase section */

/* Begin PBXGroup section */
		21304786249129090018FBC2 /* Extensions */ = {
			isa = PBXGroup;
			children = (
				218396AC249090EB00707F90 /* UIViewController+Ext.swift */,
				21304782249128EA0018FBC2 /* String + Ext.swift */,
				21304784249128FF0018FBC2 /* Date + Ext.swift */,
			);
			path = Extensions;
			sourceTree = "<group>";
		};
		21839674249004FE00707F90 = {
			isa = PBXGroup;
			children = (
				2183967F249004FE00707F90 /* GitHubSearcher */,
				2183967E249004FE00707F90 /* Products */,
			);
			sourceTree = "<group>";
		};
		2183967E249004FE00707F90 /* Products */ = {
			isa = PBXGroup;
			children = (
				2183967D249004FE00707F90 /* GitHubSearcher.app */,
			);
			name = Products;
			sourceTree = "<group>";
		};
		2183967F249004FE00707F90 /* GitHubSearcher */ = {
			isa = PBXGroup;
			children = (
				21839680249004FE00707F90 /* AppDelegate.swift */,
				21839682249004FE00707F90 /* SceneDelegate.swift */,
				21839698249024F500707F90 /* GHError.swift */,
				2183969A249025A200707F90 /* User.swift */,
				2183969C2490412000707F90 /* SearchData.swift */,
				218396AB2490909800707F90 /* ViewControllers */,
				218396A4249049DD00707F90 /* Views */,
				218396962490231500707F90 /* NetworkService.swift */,
				21304786249129090018FBC2 /* Extensions */,
				21839689249004FF00707F90 /* Assets.xcassets */,
				2183968B249004FF00707F90 /* LaunchScreen.storyboard */,
				2183968E249004FF00707F90 /* Info.plist */,
			);
			path = GitHubSearcher;
			sourceTree = "<group>";
		};
		218396A4249049DD00707F90 /* Views */ = {
			isa = PBXGroup;
			children = (
				2183969E249046A300707F90 /* AvatarImageView.swift */,
				218396A02490489800707F90 /* UsernameLabel.swift */,
				218396A22490496000707F90 /* RepoCountLabel.swift */,
				218396A92490902300707F90 /* BodyLabel.swift */,
				2183969424901F6500707F90 /* UserCell.swift */,
				2130478024910B0B0018FBC2 /* RepoTableViewCell.swift */,
			);
			path = Views;
			sourceTree = "<group>";
		};
		218396AB2490909800707F90 /* ViewControllers */ = {
			isa = PBXGroup;
			children = (
				21839684249004FE00707F90 /* SearchViewController.swift */,
				218396A5249089C500707F90 /* UserInfoViewController.swift */,
				218396A724908F1000707F90 /* UserInfoHeaderVC.swift */,
				2130477E24910A780018FBC2 /* RepoTableViewController.swift */,
			);
			path = ViewControllers;
			sourceTree = "<group>";
		};
/* End PBXGroup section */

/* Begin PBXNativeTarget section */
		2183967C249004FE00707F90 /* GitHubSearcher */ = {
			isa = PBXNativeTarget;
			buildConfigurationList = 21839691249004FF00707F90 /* Build configuration list for PBXNativeTarget "GitHubSearcher" */;
			buildPhases = (
				21839679249004FE00707F90 /* Sources */,
				2183967A249004FE00707F90 /* Frameworks */,
				2183967B249004FE00707F90 /* Resources */,
			);
			buildRules = (
			);
			dependencies = (
			);
			name = GitHubSearcher;
			productName = GitHubSearcher;
			productReference = 2183967D249004FE00707F90 /* GitHubSearcher.app */;
			productType = "com.apple.product-type.application";
		};
/* End PBXNativeTarget section */

/* Begin PBXProject section */
		21839675249004FE00707F90 /* Project object */ = {
			isa = PBXProject;
			attributes = {
				LastSwiftUpdateCheck = 1150;
				LastUpgradeCheck = 1150;
				ORGANIZATIONNAME = "chandrasekhar yadavally";
				TargetAttributes = {
					2183967C249004FE00707F90 = {
						CreatedOnToolsVersion = 11.5;
					};
				};
			};
			buildConfigurationList = 21839678249004FE00707F90 /* Build configuration list for PBXProject "GitHubSearcher" */;
			compatibilityVersion = "Xcode 9.3";
			developmentRegion = en;
			hasScannedForEncodings = 0;
			knownRegions = (
				en,
				Base,
			);
			mainGroup = 21839674249004FE00707F90;
			productRefGroup = 2183967E249004FE00707F90 /* Products */;
			projectDirPath = "";
			projectRoot = "";
			targets = (
				2183967C249004FE00707F90 /* GitHubSearcher */,
			);
		};
/* End PBXProject section */

/* Begin PBXResourcesBuildPhase section */
		2183967B249004FE00707F90 /* Resources */ = {
			isa = PBXResourcesBuildPhase;
			buildActionMask = 2147483647;
			files = (
				2183968D249004FF00707F90 /* LaunchScreen.storyboard in Resources */,
				2183968A249004FF00707F90 /* Assets.xcassets in Resources */,
			);
			runOnlyForDeploymentPostprocessing = 0;
		};
/* End PBXResourcesBuildPhase section */

/* Begin PBXSourcesBuildPhase section */
		21839679249004FE00707F90 /* Sources */ = {
			isa = PBXSourcesBuildPhase;
			buildActionMask = 2147483647;
			files = (
				21304783249128EA0018FBC2 /* String + Ext.swift in Sources */,
				218396A824908F1000707F90 /* UserInfoHeaderVC.swift in Sources */,
				2130478124910B0B0018FBC2 /* RepoTableViewCell.swift in Sources */,
				2183969F249046A300707F90 /* AvatarImageView.swift in Sources */,
				218396AD249090EB00707F90 /* UIViewController+Ext.swift in Sources */,
				218396A6249089C500707F90 /* UserInfoViewController.swift in Sources */,
				2183969D2490412000707F90 /* SearchData.swift in Sources */,
				2130477F24910A780018FBC2 /* RepoTableViewController.swift in Sources */,
				218396972490231500707F90 /* NetworkService.swift in Sources */,
				2183969524901F6500707F90 /* UserCell.swift in Sources */,
				21839685249004FE00707F90 /* SearchViewController.swift in Sources */,
				21839681249004FE00707F90 /* AppDelegate.swift in Sources */,
				218396AA2490902300707F90 /* BodyLabel.swift in Sources */,
				21304785249128FF0018FBC2 /* Date + Ext.swift in Sources */,
				218396A12490489800707F90 /* UsernameLabel.swift in Sources */,
				21839699249024F500707F90 /* GHError.swift in Sources */,
				21839683249004FE00707F90 /* SceneDelegate.swift in Sources */,
				2183969B249025A200707F90 /* User.swift in Sources */,
				218396A32490496000707F90 /* RepoCountLabel.swift in Sources */,
			);
			runOnlyForDeploymentPostprocessing = 0;
		};
/* End PBXSourcesBuildPhase section */

/* Begin PBXVariantGroup section */
		2183968B249004FF00707F90 /* LaunchScreen.storyboard */ = {
			isa = PBXVariantGroup;
			children = (
				2183968C249004FF00707F90 /* Base */,
			);
			name = LaunchScreen.storyboard;
			sourceTree = "<group>";
		};
/* End PBXVariantGroup section */

/* Begin XCBuildConfiguration section */
		2183968F249004FF00707F90 /* Debug */ = {
			isa = XCBuildConfiguration;
			buildSettings = {
				ALWAYS_SEARCH_USER_PATHS = NO;
				CLANG_ANALYZER_NONNULL = YES;
				CLANG_ANALYZER_NUMBER_OBJECT_CONVERSION = YES_AGGRESSIVE;
				CLANG_CXX_LANGUAGE_STANDARD = "gnu++14";
				CLANG_CXX_LIBRARY = "libc++";
				CLANG_ENABLE_MODULES = YES;
				CLANG_ENABLE_OBJC_ARC = YES;
				CLANG_ENABLE_OBJC_WEAK = YES;
				CLANG_WARN_BLOCK_CAPTURE_AUTORELEASING = YES;
				CLANG_WARN_BOOL_CONVERSION = YES;
				CLANG_WARN_COMMA = YES;
				CLANG_WARN_CONSTANT_CONVERSION = YES;
				CLANG_WARN_DEPRECATED_OBJC_IMPLEMENTATIONS = YES;
				CLANG_WARN_DIRECT_OBJC_ISA_USAGE = YES_ERROR;
				CLANG_WARN_DOCUMENTATION_COMMENTS = YES;
				CLANG_WARN_EMPTY_BODY = YES;
				CLANG_WARN_ENUM_CONVERSION = YES;
				CLANG_WARN_INFINITE_RECURSION = YES;
				CLANG_WARN_INT_CONVERSION = YES;
				CLANG_WARN_NON_LITERAL_NULL_CONVERSION = YES;
				CLANG_WARN_OBJC_IMPLICIT_RETAIN_SELF = YES;
				CLANG_WARN_OBJC_LITERAL_CONVERSION = YES;
				CLANG_WARN_OBJC_ROOT_CLASS = YES_ERROR;
				CLANG_WARN_RANGE_LOOP_ANALYSIS = YES;
				CLANG_WARN_STRICT_PROTOTYPES = YES;
				CLANG_WARN_SUSPICIOUS_MOVE = YES;
				CLANG_WARN_UNGUARDED_AVAILABILITY = YES_AGGRESSIVE;
				CLANG_WARN_UNREACHABLE_CODE = YES;
				CLANG_WARN__DUPLICATE_METHOD_MATCH = YES;
				COPY_PHASE_STRIP = NO;
				DEBUG_INFORMATION_FORMAT = dwarf;
				ENABLE_STRICT_OBJC_MSGSEND = YES;
				ENABLE_TESTABILITY = YES;
				GCC_C_LANGUAGE_STANDARD = gnu11;
				GCC_DYNAMIC_NO_PIC = NO;
				GCC_NO_COMMON_BLOCKS = YES;
				GCC_OPTIMIZATION_LEVEL = 0;
				GCC_PREPROCESSOR_DEFINITIONS = (
					"DEBUG=1",
					"$(inherited)",
				);
				GCC_WARN_64_TO_32_BIT_CONVERSION = YES;
				GCC_WARN_ABOUT_RETURN_TYPE = YES_ERROR;
				GCC_WARN_UNDECLARED_SELECTOR = YES;
				GCC_WARN_UNINITIALIZED_AUTOS = YES_AGGRESSIVE;
				GCC_WARN_UNUSED_FUNCTION = YES;
				GCC_WARN_UNUSED_VARIABLE = YES;
				IPHONEOS_DEPLOYMENT_TARGET = 13.5;
				MTL_ENABLE_DEBUG_INFO = INCLUDE_SOURCE;
				MTL_FAST_MATH = YES;
				ONLY_ACTIVE_ARCH = YES;
				SDKROOT = iphoneos;
				SWIFT_ACTIVE_COMPILATION_CONDITIONS = DEBUG;
				SWIFT_OPTIMIZATION_LEVEL = "-Onone";
			};
			name = Debug;
		};
		21839690249004FF00707F90 /* Release */ = {
			isa = XCBuildConfiguration;
			buildSettings = {
				ALWAYS_SEARCH_USER_PATHS = NO;
				CLANG_ANALYZER_NONNULL = YES;
				CLANG_ANALYZER_NUMBER_OBJECT_CONVERSION = YES_AGGRESSIVE;
				CLANG_CXX_LANGUAGE_STANDARD = "gnu++14";
				CLANG_CXX_LIBRARY = "libc++";
				CLANG_ENABLE_MODULES = YES;
				CLANG_ENABLE_OBJC_ARC = YES;
				CLANG_ENABLE_OBJC_WEAK = YES;
				CLANG_WARN_BLOCK_CAPTURE_AUTORELEASING = YES;
				CLANG_WARN_BOOL_CONVERSION = YES;
				CLANG_WARN_COMMA = YES;
				CLANG_WARN_CONSTANT_CONVERSION = YES;
				CLANG_WARN_DEPRECATED_OBJC_IMPLEMENTATIONS = YES;
				CLANG_WARN_DIRECT_OBJC_ISA_USAGE = YES_ERROR;
				CLANG_WARN_DOCUMENTATION_COMMENTS = YES;
				CLANG_WARN_EMPTY_BODY = YES;
				CLANG_WARN_ENUM_CONVERSION = YES;
				CLANG_WARN_INFINITE_RECURSION = YES;
				CLANG_WARN_INT_CONVERSION = YES;
				CLANG_WARN_NON_LITERAL_NULL_CONVERSION = YES;
				CLANG_WARN_OBJC_IMPLICIT_RETAIN_SELF = YES;
				CLANG_WARN_OBJC_LITERAL_CONVERSION = YES;
				CLANG_WARN_OBJC_ROOT_CLASS = YES_ERROR;
				CLANG_WARN_RANGE_LOOP_ANALYSIS = YES;
				CLANG_WARN_STRICT_PROTOTYPES = YES;
				CLANG_WARN_SUSPICIOUS_MOVE = YES;
				CLANG_WARN_UNGUARDED_AVAILABILITY = YES_AGGRESSIVE;
				CLANG_WARN_UNREACHABLE_CODE = YES;
				CLANG_WARN__DUPLICATE_METHOD_MATCH = YES;
				COPY_PHASE_STRIP = NO;
				DEBUG_INFORMATION_FORMAT = "dwarf-with-dsym";
				ENABLE_NS_ASSERTIONS = NO;
				ENABLE_STRICT_OBJC_MSGSEND = YES;
				GCC_C_LANGUAGE_STANDARD = gnu11;
				GCC_NO_COMMON_BLOCKS = YES;
				GCC_WARN_64_TO_32_BIT_CONVERSION = YES;
				GCC_WARN_ABOUT_RETURN_TYPE = YES_ERROR;
				GCC_WARN_UNDECLARED_SELECTOR = YES;
				GCC_WARN_UNINITIALIZED_AUTOS = YES_AGGRESSIVE;
				GCC_WARN_UNUSED_FUNCTION = YES;
				GCC_WARN_UNUSED_VARIABLE = YES;
				IPHONEOS_DEPLOYMENT_TARGET = 13.5;
				MTL_ENABLE_DEBUG_INFO = NO;
				MTL_FAST_MATH = YES;
				SDKROOT = iphoneos;
				SWIFT_COMPILATION_MODE = wholemodule;
				SWIFT_OPTIMIZATION_LEVEL = "-O";
				VALIDATE_PRODUCT = YES;
			};
			name = Release;
		};
		21839692249004FF00707F90 /* Debug */ = {
			isa = XCBuildConfiguration;
			buildSettings = {
				ASSETCATALOG_COMPILER_APPICON_NAME = AppIcon;
				CODE_SIGN_STYLE = Automatic;
				DEVELOPMENT_TEAM = 3VAX3T6XZQ;
				INFOPLIST_FILE = GitHubSearcher/Info.plist;
				LD_RUNPATH_SEARCH_PATHS = (
					"$(inherited)",
					"@executable_path/Frameworks",
				);
				PRODUCT_BUNDLE_IDENTIFIER = com.soham.GitHubSearcher;
				PRODUCT_NAME = "$(TARGET_NAME)";
				SWIFT_VERSION = 5.0;
				TARGETED_DEVICE_FAMILY = "1,2";
			};
			name = Debug;
		};
		21839693249004FF00707F90 /* Release */ = {
			isa = XCBuildConfiguration;
			buildSettings = {
				ASSETCATALOG_COMPILER_APPICON_NAME = AppIcon;
				CODE_SIGN_STYLE = Automatic;
				DEVELOPMENT_TEAM = 3VAX3T6XZQ;
				INFOPLIST_FILE = GitHubSearcher/Info.plist;
				LD_RUNPATH_SEARCH_PATHS = (
					"$(inherited)",
					"@executable_path/Frameworks",
				);
				PRODUCT_BUNDLE_IDENTIFIER = com.soham.GitHubSearcher;
				PRODUCT_NAME = "$(TARGET_NAME)";
				SWIFT_VERSION = 5.0;
				TARGETED_DEVICE_FAMILY = "1,2";
			};
			name = Release;
		};
/* End XCBuildConfiguration section */

/* Begin XCConfigurationList section */
		21839678249004FE00707F90 /* Build configuration list for PBXProject "GitHubSearcher" */ = {
			isa = XCConfigurationList;
			buildConfigurations = (
				2183968F249004FF00707F90 /* Debug */,
				21839690249004FF00707F90 /* Release */,
			);
			defaultConfigurationIsVisible = 0;
			defaultConfigurationName = Release;
		};
		21839691249004FF00707F90 /* Build configuration list for PBXNativeTarget "GitHubSearcher" */ = {
			isa = XCConfigurationList;
			buildConfigurations = (
				21839692249004FF00707F90 /* Debug */,
				21839693249004FF00707F90 /* Release */,
			);
			defaultConfigurationIsVisible = 0;
			defaultConfigurationName = Release;
		};
/* End XCConfigurationList section */
	};
	rootObject = 21839675249004FE00707F90 /* Project object */;
}
